
Microsoft Visual Studio Solution File, Format Version 12.00
# Visual Studio 15
VisualStudioVersion = 15.0.27703.2000
MinimumVisualStudioVersion = 10.0.40219.1
Project("{FAE04EC0-301F-11D3-BF4B-00C04F79EFBC}") = "ArrangeWithoutUsingSort", "ArrangeWithoutUsingSort\ArrangeWithoutUsingSort.csproj", "{09A2C844-EAC7-42DB-9A73-9AF4FBB68CD2}"
EndProject
Global
	GlobalSection(SolutionConfigurationPlatforms) = preSolution
		Debug|Any CPU = Debug|Any CPU
		Release|Any CPU = Release|Any CPU
	EndGlobalSection
	GlobalSection(ProjectConfigurationPlatforms) = postSolution
		{09A2C844-EAC7-42DB-9A73-9AF4FBB68CD2}.Debug|Any CPU.ActiveCfg = Debug|Any CPU
		{09A2C844-EAC7-42DB-9A73-9AF4FBB68CD2}.Debug|Any CPU.Build.0 = Debug|Any CPU
		{09A2C844-EAC7-42DB-9A73-9AF4FBB68CD2}.Release|Any CPU.ActiveCfg = Release|Any CPU
		{09A2C844-EAC7-42DB-9A73-9AF4FBB68CD2}.Release|Any CPU.Build.0 = Release|Any CPU
	EndGlobalSection
	GlobalSection(SolutionProperties) = preSolution
		HideSolutionNode = FALSE
	EndGlobalSection
	GlobalSection(ExtensibilityGlobals) = postSolution
		SolutionGuid = {4251DE19-B6F7-40A3-8BFA-3581C0326435}
	EndGlobalSection
EndGlobal
