
Microsoft Visual Studio Solution File, Format Version 12.00
# Visual Studio 15
VisualStudioVersion = 15.0.27703.2000
MinimumVisualStudioVersion = 10.0.40219.1
Project("{FAE04EC0-301F-11D3-BF4B-00C04F79EFBC}") = "EmployeesSQL_WEB_API", "EmployeesSQL_WEB_API\EmployeesSQL_WEB_API.csproj", "{C445E622-4EEC-454A-8FD9-594CF6B8E841}"
EndProject
Project("{FAE04EC0-301F-11D3-BF4B-00C04F79EFBC}") = "EmployeeDataAccess", "EmployeeDataAccess\EmployeeDataAccess.csproj", "{A1D8B15C-F347-442A-92F8-B69461722AE4}"
EndProject
Global
	GlobalSection(SolutionConfigurationPlatforms) = preSolution
		Debug|Any CPU = Debug|Any CPU
		Release|Any CPU = Release|Any CPU
	EndGlobalSection
	GlobalSection(ProjectConfigurationPlatforms) = postSolution
		{C445E622-4EEC-454A-8FD9-594CF6B8E841}.Debug|Any CPU.ActiveCfg = Debug|Any CPU
		{C445E622-4EEC-454A-8FD9-594CF6B8E841}.Debug|Any CPU.Build.0 = Debug|Any CPU
		{C445E622-4EEC-454A-8FD9-594CF6B8E841}.Release|Any CPU.ActiveCfg = Release|Any CPU
		{C445E622-4EEC-454A-8FD9-594CF6B8E841}.Release|Any CPU.Build.0 = Release|Any CPU
		{A1D8B15C-F347-442A-92F8-B69461722AE4}.Debug|Any CPU.ActiveCfg = Debug|Any CPU
		{A1D8B15C-F347-442A-92F8-B69461722AE4}.Debug|Any CPU.Build.0 = Debug|Any CPU
		{A1D8B15C-F347-442A-92F8-B69461722AE4}.Release|Any CPU.ActiveCfg = Release|Any CPU
		{A1D8B15C-F347-442A-92F8-B69461722AE4}.Release|Any CPU.Build.0 = Release|Any CPU
	EndGlobalSection
	GlobalSection(SolutionProperties) = preSolution
		HideSolutionNode = FALSE
	EndGlobalSection
	GlobalSection(ExtensibilityGlobals) = postSolution
		SolutionGuid = {2A9B9807-8EB5-46AD-A650-8A8487F9905F}
	EndGlobalSection
EndGlobal
